
Microsoft Visual Studio Solution File, Format Version 12.00
Project("{FAE04EC0-301F-11D3-BF4B-00C04F79EFBC}") = "Pathfinder2Blazor", "Pathfinder2Blazor\Pathfinder2Blazor.csproj", "{00A77F65-C4AD-4044-BFB2-6A2481BD8CAF}"
EndProject
Global
	GlobalSection(SolutionConfigurationPlatforms) = preSolution
		Debug|Any CPU = Debug|Any CPU
		Release|Any CPU = Release|Any CPU
	EndGlobalSection
	GlobalSection(ProjectConfigurationPlatforms) = postSolution
		{00A77F65-C4AD-4044-BFB2-6A2481BD8CAF}.Debug|Any CPU.ActiveCfg = Debug|Any CPU
		{00A77F65-C4AD-4044-BFB2-6A2481BD8CAF}.Debug|Any CPU.Build.0 = Debug|Any CPU
		{00A77F65-C4AD-4044-BFB2-6A2481BD8CAF}.Release|Any CPU.ActiveCfg = Release|Any CPU
		{00A77F65-C4AD-4044-BFB2-6A2481BD8CAF}.Release|Any CPU.Build.0 = Release|Any CPU
	EndGlobalSection
EndGlobal
