
Microsoft Visual Studio Solution File, Format Version 12.00
Project("{FAE04EC0-301F-11D3-BF4B-00C04F79EFBC}") = "Pathfinder2.Domain", "Pathfinder2.Domain\Pathfinder2.Domain.csproj", "{E5A690D5-2F0B-4DA8-A782-4D17D2CE03CA}"
EndProject
Project("{FAE04EC0-301F-11D3-BF4B-00C04F79EFBC}") = "Pathfinder2.Domain.Tests", "Pathfinder2.Domain.Tests\Pathfinder2.Domain.Tests.csproj", "{396853D9-A6DB-4CB8-B7D5-7114D1AB02B2}"
EndProject
Global
	GlobalSection(SolutionConfigurationPlatforms) = preSolution
		Debug|Any CPU = Debug|Any CPU
		Release|Any CPU = Release|Any CPU
	EndGlobalSection
	GlobalSection(ProjectConfigurationPlatforms) = postSolution
		{E5A690D5-2F0B-4DA8-A782-4D17D2CE03CA}.Debug|Any CPU.ActiveCfg = Debug|Any CPU
		{E5A690D5-2F0B-4DA8-A782-4D17D2CE03CA}.Debug|Any CPU.Build.0 = Debug|Any CPU
		{E5A690D5-2F0B-4DA8-A782-4D17D2CE03CA}.Release|Any CPU.ActiveCfg = Release|Any CPU
		{E5A690D5-2F0B-4DA8-A782-4D17D2CE03CA}.Release|Any CPU.Build.0 = Release|Any CPU
		{396853D9-A6DB-4CB8-B7D5-7114D1AB02B2}.Debug|Any CPU.ActiveCfg = Debug|Any CPU
		{396853D9-A6DB-4CB8-B7D5-7114D1AB02B2}.Debug|Any CPU.Build.0 = Debug|Any CPU
		{396853D9-A6DB-4CB8-B7D5-7114D1AB02B2}.Release|Any CPU.ActiveCfg = Release|Any CPU
		{396853D9-A6DB-4CB8-B7D5-7114D1AB02B2}.Release|Any CPU.Build.0 = Release|Any CPU
	EndGlobalSection
EndGlobal
